// !$*UTF8*$!
{
	archiveVersion = 1;
	classes = {
	};
	objectVersion = 56;
	objects = {

/* Begin PBXBuildFile section */
		5614457D2B16E14900E7992B /* MovieRandomizerApp.swift in Sources */ = {isa = PBXBuildFile; fileRef = 5614457C2B16E14900E7992B /* MovieRandomizerApp.swift */; };
		5614457F2B16E14900E7992B /* ContentView.swift in Sources */ = {isa = PBXBuildFile; fileRef = 5614457E2B16E14900E7992B /* ContentView.swift */; };
		561445812B16E14A00E7992B /* Assets.xcassets in Resources */ = {isa = PBXBuildFile; fileRef = 561445802B16E14A00E7992B /* Assets.xcassets */; };
		561445842B16E14A00E7992B /* Preview Assets.xcassets in Resources */ = {isa = PBXBuildFile; fileRef = 561445832B16E14A00E7992B /* Preview Assets.xcassets */; };
		5614458E2B16E14A00E7992B /* MovieRandomizerTests.swift in Sources */ = {isa = PBXBuildFile; fileRef = 5614458D2B16E14A00E7992B /* MovieRandomizerTests.swift */; };
		561445982B16E14A00E7992B /* MovieRandomizerUITests.swift in Sources */ = {isa = PBXBuildFile; fileRef = 561445972B16E14A00E7992B /* MovieRandomizerUITests.swift */; };
		5614459A2B16E14A00E7992B /* MovieRandomizerUITestsLaunchTests.swift in Sources */ = {isa = PBXBuildFile; fileRef = 561445992B16E14A00E7992B /* MovieRandomizerUITestsLaunchTests.swift */; };
/* End PBXBuildFile section */

/* Begin PBXContainerItemProxy section */
		5614458A2B16E14A00E7992B /* PBXContainerItemProxy */ = {
			isa = PBXContainerItemProxy;
			containerPortal = 561445712B16E14900E7992B /* Project object */;
			proxyType = 1;
			remoteGlobalIDString = 561445782B16E14900E7992B;
			remoteInfo = MovieRandomizer;
		};
		561445942B16E14A00E7992B /* PBXContainerItemProxy */ = {
			isa = PBXContainerItemProxy;
			containerPortal = 561445712B16E14900E7992B /* Project object */;
			proxyType = 1;
			remoteGlobalIDString = 561445782B16E14900E7992B;
			remoteInfo = MovieRandomizer;
		};
/* End PBXContainerItemProxy section */

/* Begin PBXFileReference section */
		561445792B16E14900E7992B /* MovieRandomizer.app */ = {isa = PBXFileReference; explicitFileType = wrapper.application; includeInIndex = 0; path = MovieRandomizer.app; sourceTree = BUILT_PRODUCTS_DIR; };
		5614457C2B16E14900E7992B /* MovieRandomizerApp.swift */ = {isa = PBXFileReference; lastKnownFileType = sourcecode.swift; path = MovieRandomizerApp.swift; sourceTree = "<group>"; };
		5614457E2B16E14900E7992B /* ContentView.swift */ = {isa = PBXFileReference; lastKnownFileType = sourcecode.swift; path = ContentView.swift; sourceTree = "<group>"; };
		561445802B16E14A00E7992B /* Assets.xcassets */ = {isa = PBXFileReference; lastKnownFileType = folder.assetcatalog; path = Assets.xcassets; sourceTree = "<group>"; };
		561445832B16E14A00E7992B /* Preview Assets.xcassets */ = {isa = PBXFileReference; lastKnownFileType = folder.assetcatalog; path = "Preview Assets.xcassets"; sourceTree = "<group>"; };
		561445892B16E14A00E7992B /* MovieRandomizerTests.xctest */ = {isa = PBXFileReference; explicitFileType = wrapper.cfbundle; includeInIndex = 0; path = MovieRandomizerTests.xctest; sourceTree = BUILT_PRODUCTS_DIR; };
		5614458D2B16E14A00E7992B /* MovieRandomizerTests.swift */ = {isa = PBXFileReference; lastKnownFileType = sourcecode.swift; path = MovieRandomizerTests.swift; sourceTree = "<group>"; };
		561445932B16E14A00E7992B /* MovieRandomizerUITests.xctest */ = {isa = PBXFileReference; explicitFileType = wrapper.cfbundle; includeInIndex = 0; path = MovieRandomizerUITests.xctest; sourceTree = BUILT_PRODUCTS_DIR; };
		561445972B16E14A00E7992B /* MovieRandomizerUITests.swift */ = {isa = PBXFileReference; lastKnownFileType = sourcecode.swift; path = MovieRandomizerUITests.swift; sourceTree = "<group>"; };
		561445992B16E14A00E7992B /* MovieRandomizerUITestsLaunchTests.swift */ = {isa = PBXFileReference; lastKnownFileType = sourcecode.swift; path = MovieRandomizerUITestsLaunchTests.swift; sourceTree = "<group>"; };
/* End PBXFileReference section */

/* Begin PBXFrameworksBuildPhase section */
		561445762B16E14900E7992B /* Frameworks */ = {
			isa = PBXFrameworksBuildPhase;
			buildActionMask = 2147483647;
			files = (
			);
			runOnlyForDeploymentPostprocessing = 0;
		};
		561445862B16E14A00E7992B /* Frameworks */ = {
			isa = PBXFrameworksBuildPhase;
			buildActionMask = 2147483647;
			files = (
			);
			runOnlyForDeploymentPostprocessing = 0;
		};
		561445902B16E14A00E7992B /* Frameworks */ = {
			isa = PBXFrameworksBuildPhase;
			buildActionMask = 2147483647;
			files = (
			);
			runOnlyForDeploymentPostprocessing = 0;
		};
/* End PBXFrameworksBuildPhase section */

/* Begin PBXGroup section */
		561445702B16E14900E7992B = {
			isa = PBXGroup;
			children = (
				5614457B2B16E14900E7992B /* MovieRandomizer */,
				5614458C2B16E14A00E7992B /* MovieRandomizerTests */,
				561445962B16E14A00E7992B /* MovieRandomizerUITests */,
				5614457A2B16E14900E7992B /* Products */,
			);
			sourceTree = "<group>";
		};
		5614457A2B16E14900E7992B /* Products */ = {
			isa = PBXGroup;
			children = (
				561445792B16E14900E7992B /* MovieRandomizer.app */,
				561445892B16E14A00E7992B /* MovieRandomizerTests.xctest */,
				561445932B16E14A00E7992B /* MovieRandomizerUITests.xctest */,
			);
			name = Products;
			sourceTree = "<group>";
		};
		5614457B2B16E14900E7992B /* MovieRandomizer */ = {
			isa = PBXGroup;
			children = (
				5614457C2B16E14900E7992B /* MovieRandomizerApp.swift */,
				5614457E2B16E14900E7992B /* ContentView.swift */,
				561445802B16E14A00E7992B /* Assets.xcassets */,
				561445822B16E14A00E7992B /* Preview Content */,
			);
			path = MovieRandomizer;
			sourceTree = "<group>";
		};
		561445822B16E14A00E7992B /* Preview Content */ = {
			isa = PBXGroup;
			children = (
				561445832B16E14A00E7992B /* Preview Assets.xcassets */,
			);
			path = "Preview Content";
			sourceTree = "<group>";
		};
		5614458C2B16E14A00E7992B /* MovieRandomizerTests */ = {
			isa = PBXGroup;
			children = (
				5614458D2B16E14A00E7992B /* MovieRandomizerTests.swift */,
			);
			path = MovieRandomizerTests;
			sourceTree = "<group>";
		};
		561445962B16E14A00E7992B /* MovieRandomizerUITests */ = {
			isa = PBXGroup;
			children = (
				561445972B16E14A00E7992B /* MovieRandomizerUITests.swift */,
				561445992B16E14A00E7992B /* MovieRandomizerUITestsLaunchTests.swift */,
			);
			path = MovieRandomizerUITests;
			sourceTree = "<group>";
		};
/* End PBXGroup section */

/* Begin PBXNativeTarget section */
		561445782B16E14900E7992B /* MovieRandomizer */ = {
			isa = PBXNativeTarget;
			buildConfigurationList = 5614459D2B16E14A00E7992B /* Build configuration list for PBXNativeTarget "MovieRandomizer" */;
			buildPhases = (
				561445752B16E14900E7992B /* Sources */,
				561445762B16E14900E7992B /* Frameworks */,
				561445772B16E14900E7992B /* Resources */,
			);
			buildRules = (
			);
			dependencies = (
			);
			name = MovieRandomizer;
			productName = MovieRandomizer;
			productReference = 561445792B16E14900E7992B /* MovieRandomizer.app */;
			productType = "com.apple.product-type.application";
		};
		561445882B16E14A00E7992B /* MovieRandomizerTests */ = {
			isa = PBXNativeTarget;
			buildConfigurationList = 561445A02B16E14A00E7992B /* Build configuration list for PBXNativeTarget "MovieRandomizerTests" */;
			buildPhases = (
				561445852B16E14A00E7992B /* Sources */,
				561445862B16E14A00E7992B /* Frameworks */,
				561445872B16E14A00E7992B /* Resources */,
			);
			buildRules = (
			);
			dependencies = (
				5614458B2B16E14A00E7992B /* PBXTargetDependency */,
			);
			name = MovieRandomizerTests;
			productName = MovieRandomizerTests;
			productReference = 561445892B16E14A00E7992B /* MovieRandomizerTests.xctest */;
			productType = "com.apple.product-type.bundle.unit-test";
		};
		561445922B16E14A00E7992B /* MovieRandomizerUITests */ = {
			isa = PBXNativeTarget;
			buildConfigurationList = 561445A32B16E14A00E7992B /* Build configuration list for PBXNativeTarget "MovieRandomizerUITests" */;
			buildPhases = (
				5614458F2B16E14A00E7992B /* Sources */,
				561445902B16E14A00E7992B /* Frameworks */,
				561445912B16E14A00E7992B /* Resources */,
			);
			buildRules = (
			);
			dependencies = (
				561445952B16E14A00E7992B /* PBXTargetDependency */,
			);
			name = MovieRandomizerUITests;
			productName = MovieRandomizerUITests;
			productReference = 561445932B16E14A00E7992B /* MovieRandomizerUITests.xctest */;
			productType = "com.apple.product-type.bundle.ui-testing";
		};
/* End PBXNativeTarget section */

/* Begin PBXProject section */
		561445712B16E14900E7992B /* Project object */ = {
			isa = PBXProject;
			attributes = {
				BuildIndependentTargetsInParallel = 1;
				LastSwiftUpdateCheck = 1500;
				LastUpgradeCheck = 1500;
				TargetAttributes = {
					561445782B16E14900E7992B = {
						CreatedOnToolsVersion = 15.0.1;
					};
					561445882B16E14A00E7992B = {
						CreatedOnToolsVersion = 15.0.1;
						TestTargetID = 561445782B16E14900E7992B;
					};
					561445922B16E14A00E7992B = {
						CreatedOnToolsVersion = 15.0.1;
						TestTargetID = 561445782B16E14900E7992B;
					};
				};
			};
			buildConfigurationList = 561445742B16E14900E7992B /* Build configuration list for PBXProject "MovieRandomizer" */;
			compatibilityVersion = "Xcode 14.0";
			developmentRegion = en;
			hasScannedForEncodings = 0;
			knownRegions = (
				en,
				Base,
			);
			mainGroup = 561445702B16E14900E7992B;
			productRefGroup = 5614457A2B16E14900E7992B /* Products */;
			projectDirPath = "";
			projectRoot = "";
			targets = (
				561445782B16E14900E7992B /* MovieRandomizer */,
				561445882B16E14A00E7992B /* MovieRandomizerTests */,
				561445922B16E14A00E7992B /* MovieRandomizerUITests */,
			);
		};
/* End PBXProject section */

/* Begin PBXResourcesBuildPhase section */
		561445772B16E14900E7992B /* Resources */ = {
			isa = PBXResourcesBuildPhase;
			buildActionMask = 2147483647;
			files = (
				561445842B16E14A00E7992B /* Preview Assets.xcassets in Resources */,
				561445812B16E14A00E7992B /* Assets.xcassets in Resources */,
			);
			runOnlyForDeploymentPostprocessing = 0;
		};
		561445872B16E14A00E7992B /* Resources */ = {
			isa = PBXResourcesBuildPhase;
			buildActionMask = 2147483647;
			files = (
			);
			runOnlyForDeploymentPostprocessing = 0;
		};
		561445912B16E14A00E7992B /* Resources */ = {
			isa = PBXResourcesBuildPhase;
			buildActionMask = 2147483647;
			files = (
			);
			runOnlyForDeploymentPostprocessing = 0;
		};
/* End PBXResourcesBuildPhase section */

/* Begin PBXSourcesBuildPhase section */
		561445752B16E14900E7992B /* Sources */ = {
			isa = PBXSourcesBuildPhase;
			buildActionMask = 2147483647;
			files = (
				5614457F2B16E14900E7992B /* ContentView.swift in Sources */,
				5614457D2B16E14900E7992B /* MovieRandomizerApp.swift in Sources */,
			);
			runOnlyForDeploymentPostprocessing = 0;
		};
		561445852B16E14A00E7992B /* Sources */ = {
			isa = PBXSourcesBuildPhase;
			buildActionMask = 2147483647;
			files = (
				5614458E2B16E14A00E7992B /* MovieRandomizerTests.swift in Sources */,
			);
			runOnlyForDeploymentPostprocessing = 0;
		};
		5614458F2B16E14A00E7992B /* Sources */ = {
			isa = PBXSourcesBuildPhase;
			buildActionMask = 2147483647;
			files = (
				5614459A2B16E14A00E7992B /* MovieRandomizerUITestsLaunchTests.swift in Sources */,
				561445982B16E14A00E7992B /* MovieRandomizerUITests.swift in Sources */,
			);
			runOnlyForDeploymentPostprocessing = 0;
		};
/* End PBXSourcesBuildPhase section */

/* Begin PBXTargetDependency section */
		5614458B2B16E14A00E7992B /* PBXTargetDependency */ = {
			isa = PBXTargetDependency;
			target = 561445782B16E14900E7992B /* MovieRandomizer */;
			targetProxy = 5614458A2B16E14A00E7992B /* PBXContainerItemProxy */;
		};
		561445952B16E14A00E7992B /* PBXTargetDependency */ = {
			isa = PBXTargetDependency;
			target = 561445782B16E14900E7992B /* MovieRandomizer */;
			targetProxy = 561445942B16E14A00E7992B /* PBXContainerItemProxy */;
		};
/* End PBXTargetDependency section */

/* Begin XCBuildConfiguration section */
		5614459B2B16E14A00E7992B /* Debug */ = {
			isa = XCBuildConfiguration;
			buildSettings = {
				ALWAYS_SEARCH_USER_PATHS = NO;
				ASSETCATALOG_COMPILER_GENERATE_SWIFT_ASSET_SYMBOL_EXTENSIONS = YES;
				CLANG_ANALYZER_NONNULL = YES;
				CLANG_ANALYZER_NUMBER_OBJECT_CONVERSION = YES_AGGRESSIVE;
				CLANG_CXX_LANGUAGE_STANDARD = "gnu++20";
				CLANG_ENABLE_MODULES = YES;
				CLANG_ENABLE_OBJC_ARC = YES;
				CLANG_ENABLE_OBJC_WEAK = YES;
				CLANG_WARN_BLOCK_CAPTURE_AUTORELEASING = YES;
				CLANG_WARN_BOOL_CONVERSION = YES;
				CLANG_WARN_COMMA = YES;
				CLANG_WARN_CONSTANT_CONVERSION = YES;
				CLANG_WARN_DEPRECATED_OBJC_IMPLEMENTATIONS = YES;
				CLANG_WARN_DIRECT_OBJC_ISA_USAGE = YES_ERROR;
				CLANG_WARN_DOCUMENTATION_COMMENTS = YES;
				CLANG_WARN_EMPTY_BODY = YES;
				CLANG_WARN_ENUM_CONVERSION = YES;
				CLANG_WARN_INFINITE_RECURSION = YES;
				CLANG_WARN_INT_CONVERSION = YES;
				CLANG_WARN_NON_LITERAL_NULL_CONVERSION = YES;
				CLANG_WARN_OBJC_IMPLICIT_RETAIN_SELF = YES;
				CLANG_WARN_OBJC_LITERAL_CONVERSION = YES;
				CLANG_WARN_OBJC_ROOT_CLASS = YES_ERROR;
				CLANG_WARN_QUOTED_INCLUDE_IN_FRAMEWORK_HEADER = YES;
				CLANG_WARN_RANGE_LOOP_ANALYSIS = YES;
				CLANG_WARN_STRICT_PROTOTYPES = YES;
				CLANG_WARN_SUSPICIOUS_MOVE = YES;
				CLANG_WARN_UNGUARDED_AVAILABILITY = YES_AGGRESSIVE;
				CLANG_WARN_UNREACHABLE_CODE = YES;
				CLANG_WARN__DUPLICATE_METHOD_MATCH = YES;
				COPY_PHASE_STRIP = NO;
				DEBUG_INFORMATION_FORMAT = dwarf;
				ENABLE_STRICT_OBJC_MSGSEND = YES;
				ENABLE_TESTABILITY = YES;
				ENABLE_USER_SCRIPT_SANDBOXING = YES;
				GCC_C_LANGUAGE_STANDARD = gnu17;
				GCC_DYNAMIC_NO_PIC = NO;
				GCC_NO_COMMON_BLOCKS = YES;
				GCC_OPTIMIZATION_LEVEL = 0;
				GCC_PREPROCESSOR_DEFINITIONS = (
					"DEBUG=1",
					"$(inherited)",
				);
				GCC_WARN_64_TO_32_BIT_CONVERSION = YES;
				GCC_WARN_ABOUT_RETURN_TYPE = YES_ERROR;
				GCC_WARN_UNDECLARED_SELECTOR = YES;
				GCC_WARN_UNINITIALIZED_AUTOS = YES_AGGRESSIVE;
				GCC_WARN_UNUSED_FUNCTION = YES;
				GCC_WARN_UNUSED_VARIABLE = YES;
				IPHONEOS_DEPLOYMENT_TARGET = 17.0;
				LOCALIZATION_PREFERS_STRING_CATALOGS = YES;
				MTL_ENABLE_DEBUG_INFO = INCLUDE_SOURCE;
				MTL_FAST_MATH = YES;
				ONLY_ACTIVE_ARCH = YES;
				SDKROOT = iphoneos;
				SWIFT_ACTIVE_COMPILATION_CONDITIONS = "DEBUG $(inherited)";
				SWIFT_OPTIMIZATION_LEVEL = "-Onone";
			};
			name = Debug;
		};
		5614459C2B16E14A00E7992B /* Release */ = {
			isa = XCBuildConfiguration;
			buildSettings = {
				ALWAYS_SEARCH_USER_PATHS = NO;
				ASSETCATALOG_COMPILER_GENERATE_SWIFT_ASSET_SYMBOL_EXTENSIONS = YES;
				CLANG_ANALYZER_NONNULL = YES;
				CLANG_ANALYZER_NUMBER_OBJECT_CONVERSION = YES_AGGRESSIVE;
				CLANG_CXX_LANGUAGE_STANDARD = "gnu++20";
				CLANG_ENABLE_MODULES = YES;
				CLANG_ENABLE_OBJC_ARC = YES;
				CLANG_ENABLE_OBJC_WEAK = YES;
				CLANG_WARN_BLOCK_CAPTURE_AUTORELEASING = YES;
				CLANG_WARN_BOOL_CONVERSION = YES;
				CLANG_WARN_COMMA = YES;
				CLANG_WARN_CONSTANT_CONVERSION = YES;
				CLANG_WARN_DEPRECATED_OBJC_IMPLEMENTATIONS = YES;
				CLANG_WARN_DIRECT_OBJC_ISA_USAGE = YES_ERROR;
				CLANG_WARN_DOCUMENTATION_COMMENTS = YES;
				CLANG_WARN_EMPTY_BODY = YES;
				CLANG_WARN_ENUM_CONVERSION = YES;
				CLANG_WARN_INFINITE_RECURSION = YES;
				CLANG_WARN_INT_CONVERSION = YES;
				CLANG_WARN_NON_LITERAL_NULL_CONVERSION = YES;
				CLANG_WARN_OBJC_IMPLICIT_RETAIN_SELF = YES;
				CLANG_WARN_OBJC_LITERAL_CONVERSION = YES;
				CLANG_WARN_OBJC_ROOT_CLASS = YES_ERROR;
				CLANG_WARN_QUOTED_INCLUDE_IN_FRAMEWORK_HEADER = YES;
				CLANG_WARN_RANGE_LOOP_ANALYSIS = YES;
				CLANG_WARN_STRICT_PROTOTYPES = YES;
				CLANG_WARN_SUSPICIOUS_MOVE = YES;
				CLANG_WARN_UNGUARDED_AVAILABILITY = YES_AGGRESSIVE;
				CLANG_WARN_UNREACHABLE_CODE = YES;
				CLANG_WARN__DUPLICATE_METHOD_MATCH = YES;
				COPY_PHASE_STRIP = NO;
				DEBUG_INFORMATION_FORMAT = "dwarf-with-dsym";
				ENABLE_NS_ASSERTIONS = NO;
				ENABLE_STRICT_OBJC_MSGSEND = YES;
				ENABLE_USER_SCRIPT_SANDBOXING = YES;
				GCC_C_LANGUAGE_STANDARD = gnu17;
				GCC_NO_COMMON_BLOCKS = YES;
				GCC_WARN_64_TO_32_BIT_CONVERSION = YES;
				GCC_WARN_ABOUT_RETURN_TYPE = YES_ERROR;
				GCC_WARN_UNDECLARED_SELECTOR = YES;
				GCC_WARN_UNINITIALIZED_AUTOS = YES_AGGRESSIVE;
				GCC_WARN_UNUSED_FUNCTION = YES;
				GCC_WARN_UNUSED_VARIABLE = YES;
				IPHONEOS_DEPLOYMENT_TARGET = 17.0;
				LOCALIZATION_PREFERS_STRING_CATALOGS = YES;
				MTL_ENABLE_DEBUG_INFO = NO;
				MTL_FAST_MATH = YES;
				SDKROOT = iphoneos;
				SWIFT_COMPILATION_MODE = wholemodule;
				VALIDATE_PRODUCT = YES;
			};
			name = Release;
		};
		5614459E2B16E14A00E7992B /* Debug */ = {
			isa = XCBuildConfiguration;
			buildSettings = {
				ASSETCATALOG_COMPILER_APPICON_NAME = AppIcon;
				ASSETCATALOG_COMPILER_GLOBAL_ACCENT_COLOR_NAME = AccentColor;
				CODE_SIGN_STYLE = Automatic;
				CURRENT_PROJECT_VERSION = 1;
				DEVELOPMENT_ASSET_PATHS = "\"MovieRandomizer/Preview Content\"";
				DEVELOPMENT_TEAM = K9V82UVK2S;
				ENABLE_PREVIEWS = YES;
				GENERATE_INFOPLIST_FILE = YES;
				INFOPLIST_KEY_UIApplicationSceneManifest_Generation = YES;
				INFOPLIST_KEY_UIApplicationSupportsIndirectInputEvents = YES;
				INFOPLIST_KEY_UILaunchScreen_Generation = YES;
				INFOPLIST_KEY_UISupportedInterfaceOrientations_iPad = "UIInterfaceOrientationPortrait UIInterfaceOrientationPortraitUpsideDown UIInterfaceOrientationLandscapeLeft UIInterfaceOrientationLandscapeRight";
				INFOPLIST_KEY_UISupportedInterfaceOrientations_iPhone = "UIInterfaceOrientationPortrait UIInterfaceOrientationLandscapeLeft UIInterfaceOrientationLandscapeRight";
				LD_RUNPATH_SEARCH_PATHS = (
					"$(inherited)",
					"@executable_path/Frameworks",
				);
				MARKETING_VERSION = 1.0;
				PRODUCT_BUNDLE_IDENTIFIER = com.rymjo.MovieRandomizer;
				PRODUCT_NAME = "$(TARGET_NAME)";
				SWIFT_EMIT_LOC_STRINGS = YES;
				SWIFT_VERSION = 5.0;
				TARGETED_DEVICE_FAMILY = "1,2";
			};
			name = Debug;
		};
		5614459F2B16E14A00E7992B /* Release */ = {
			isa = XCBuildConfiguration;
			buildSettings = {
				ASSETCATALOG_COMPILER_APPICON_NAME = AppIcon;
				ASSETCATALOG_COMPILER_GLOBAL_ACCENT_COLOR_NAME = AccentColor;
				CODE_SIGN_STYLE = Automatic;
				CURRENT_PROJECT_VERSION = 1;
				DEVELOPMENT_ASSET_PATHS = "\"MovieRandomizer/Preview Content\"";
				DEVELOPMENT_TEAM = K9V82UVK2S;
				ENABLE_PREVIEWS = YES;
				GENERATE_INFOPLIST_FILE = YES;
				INFOPLIST_KEY_UIApplicationSceneManifest_Generation = YES;
				INFOPLIST_KEY_UIApplicationSupportsIndirectInputEvents = YES;
				INFOPLIST_KEY_UILaunchScreen_Generation = YES;
				INFOPLIST_KEY_UISupportedInterfaceOrientations_iPad = "UIInterfaceOrientationPortrait UIInterfaceOrientationPortraitUpsideDown UIInterfaceOrientationLandscapeLeft UIInterfaceOrientationLandscapeRight";
				INFOPLIST_KEY_UISupportedInterfaceOrientations_iPhone = "UIInterfaceOrientationPortrait UIInterfaceOrientationLandscapeLeft UIInterfaceOrientationLandscapeRight";
				LD_RUNPATH_SEARCH_PATHS = (
					"$(inherited)",
					"@executable_path/Frameworks",
				);
				MARKETING_VERSION = 1.0;
				PRODUCT_BUNDLE_IDENTIFIER = com.rymjo.MovieRandomizer;
				PRODUCT_NAME = "$(TARGET_NAME)";
				SWIFT_EMIT_LOC_STRINGS = YES;
				SWIFT_VERSION = 5.0;
				TARGETED_DEVICE_FAMILY = "1,2";
			};
			name = Release;
		};
		561445A12B16E14A00E7992B /* Debug */ = {
			isa = XCBuildConfiguration;
			buildSettings = {
				ALWAYS_EMBED_SWIFT_STANDARD_LIBRARIES = YES;
				BUNDLE_LOADER = "$(TEST_HOST)";
				CODE_SIGN_STYLE = Automatic;
				CURRENT_PROJECT_VERSION = 1;
				DEVELOPMENT_TEAM = K9V82UVK2S;
				GENERATE_INFOPLIST_FILE = YES;
				IPHONEOS_DEPLOYMENT_TARGET = 17.0;
				MARKETING_VERSION = 1.0;
				PRODUCT_BUNDLE_IDENTIFIER = com.rymjo.MovieRandomizerTests;
				PRODUCT_NAME = "$(TARGET_NAME)";
				SWIFT_EMIT_LOC_STRINGS = NO;
				SWIFT_VERSION = 5.0;
				TARGETED_DEVICE_FAMILY = "1,2";
				TEST_HOST = "$(BUILT_PRODUCTS_DIR)/MovieRandomizer.app/$(BUNDLE_EXECUTABLE_FOLDER_PATH)/MovieRandomizer";
			};
			name = Debug;
		};
		561445A22B16E14A00E7992B /* Release */ = {
			isa = XCBuildConfiguration;
			buildSettings = {
				ALWAYS_EMBED_SWIFT_STANDARD_LIBRARIES = YES;
				BUNDLE_LOADER = "$(TEST_HOST)";
				CODE_SIGN_STYLE = Automatic;
				CURRENT_PROJECT_VERSION = 1;
				DEVELOPMENT_TEAM = K9V82UVK2S;
				GENERATE_INFOPLIST_FILE = YES;
				IPHONEOS_DEPLOYMENT_TARGET = 17.0;
				MARKETING_VERSION = 1.0;
				PRODUCT_BUNDLE_IDENTIFIER = com.rymjo.MovieRandomizerTests;
				PRODUCT_NAME = "$(TARGET_NAME)";
				SWIFT_EMIT_LOC_STRINGS = NO;
				SWIFT_VERSION = 5.0;
				TARGETED_DEVICE_FAMILY = "1,2";
				TEST_HOST = "$(BUILT_PRODUCTS_DIR)/MovieRandomizer.app/$(BUNDLE_EXECUTABLE_FOLDER_PATH)/MovieRandomizer";
			};
			name = Release;
		};
		561445A42B16E14A00E7992B /* Debug */ = {
			isa = XCBuildConfiguration;
			buildSettings = {
				ALWAYS_EMBED_SWIFT_STANDARD_LIBRARIES = YES;
				CODE_SIGN_STYLE = Automatic;
				CURRENT_PROJECT_VERSION = 1;
				DEVELOPMENT_TEAM = K9V82UVK2S;
				GENERATE_INFOPLIST_FILE = YES;
				MARKETING_VERSION = 1.0;
				PRODUCT_BUNDLE_IDENTIFIER = com.rymjo.MovieRandomizerUITests;
				PRODUCT_NAME = "$(TARGET_NAME)";
				SWIFT_EMIT_LOC_STRINGS = NO;
				SWIFT_VERSION = 5.0;
				TARGETED_DEVICE_FAMILY = "1,2";
				TEST_TARGET_NAME = MovieRandomizer;
			};
			name = Debug;
		};
		561445A52B16E14A00E7992B /* Release */ = {
			isa = XCBuildConfiguration;
			buildSettings = {
				ALWAYS_EMBED_SWIFT_STANDARD_LIBRARIES = YES;
				CODE_SIGN_STYLE = Automatic;
				CURRENT_PROJECT_VERSION = 1;
				DEVELOPMENT_TEAM = K9V82UVK2S;
				GENERATE_INFOPLIST_FILE = YES;
				MARKETING_VERSION = 1.0;
				PRODUCT_BUNDLE_IDENTIFIER = com.rymjo.MovieRandomizerUITests;
				PRODUCT_NAME = "$(TARGET_NAME)";
				SWIFT_EMIT_LOC_STRINGS = NO;
				SWIFT_VERSION = 5.0;
				TARGETED_DEVICE_FAMILY = "1,2";
				TEST_TARGET_NAME = MovieRandomizer;
			};
			name = Release;
		};
/* End XCBuildConfiguration section */

/* Begin XCConfigurationList section */
		561445742B16E14900E7992B /* Build configuration list for PBXProject "MovieRandomizer" */ = {
			isa = XCConfigurationList;
			buildConfigurations = (
				5614459B2B16E14A00E7992B /* Debug */,
				5614459C2B16E14A00E7992B /* Release */,
			);
			defaultConfigurationIsVisible = 0;
			defaultConfigurationName = Release;
		};
		5614459D2B16E14A00E7992B /* Build configuration list for PBXNativeTarget "MovieRandomizer" */ = {
			isa = XCConfigurationList;
			buildConfigurations = (
				5614459E2B16E14A00E7992B /* Debug */,
				5614459F2B16E14A00E7992B /* Release */,
			);
			defaultConfigurationIsVisible = 0;
			defaultConfigurationName = Release;
		};
		561445A02B16E14A00E7992B /* Build configuration list for PBXNativeTarget "MovieRandomizerTests" */ = {
			isa = XCConfigurationList;
			buildConfigurations = (
				561445A12B16E14A00E7992B /* Debug */,
				561445A22B16E14A00E7992B /* Release */,
			);
			defaultConfigurationIsVisible = 0;
			defaultConfigurationName = Release;
		};
		561445A32B16E14A00E7992B /* Build configuration list for PBXNativeTarget "MovieRandomizerUITests" */ = {
			isa = XCConfigurationList;
			buildConfigurations = (
				561445A42B16E14A00E7992B /* Debug */,
				561445A52B16E14A00E7992B /* Release */,
			);
			defaultConfigurationIsVisible = 0;
			defaultConfigurationName = Release;
		};
/* End XCConfigurationList section */
	};
	rootObject = 561445712B16E14900E7992B /* Project object */;
}
